
Microsoft Visual Studio Solution File, Format Version 12.00
# Visual Studio Version 17
VisualStudioVersion = 17.5.002.0
MinimumVisualStudioVersion = 10.0.40219.1
Project("{9A19103F-16F7-4668-BE54-9A1E7A4F7556}") = "API", "API\API.csproj", "{562C21E1-0F4F-4469-B54A-7CAB56E295A2}"
EndProject
Global
	GlobalSection(SolutionConfigurationPlatforms) = preSolution
		Debug|Any CPU = Debug|Any CPU
		Release|Any CPU = Release|Any CPU
	EndGlobalSection
	GlobalSection(ProjectConfigurationPlatforms) = postSolution
		{562C21E1-0F4F-4469-B54A-7CAB56E295A2}.Debug|Any CPU.ActiveCfg = Debug|Any CPU
		{562C21E1-0F4F-4469-B54A-7CAB56E295A2}.Debug|Any CPU.Build.0 = Debug|Any CPU
		{562C21E1-0F4F-4469-B54A-7CAB56E295A2}.Release|Any CPU.ActiveCfg = Release|Any CPU
		{562C21E1-0F4F-4469-B54A-7CAB56E295A2}.Release|Any CPU.Build.0 = Release|Any CPU
	EndGlobalSection
	GlobalSection(SolutionProperties) = preSolution
		HideSolutionNode = FALSE
	EndGlobalSection
	GlobalSection(ExtensibilityGlobals) = postSolution
		SolutionGuid = {3BF94F27-2595-4B90-8F20-AFE07878FA32}
	EndGlobalSection
EndGlobal
